{
  "name": "mini-projects",
  "version": "1.0.0",
  "lockfileVersion": 2,
  "requires": true,
  "packages": {
    "": {
      "name": "mini-projects",
      "version": "1.0.0",
      "license": "ISC",
      "dependencies": {
        "csv-stringify": "^6.5.1",
        "json-stream-stringify": "^3.1.6"
      }
    },
    "node_modules/csv-stringify": {
      "version": "6.5.1",
      "resolved": "https://registry.npmjs.org/csv-stringify/-/csv-stringify-6.5.1.tgz",
      "integrity": "sha512-+9lpZfwpLntpTIEpFbwQyWuW/hmI/eHuJZD1XzeZpfZTqkf1fyvBbBLXTJJMsBuuS11uTShMqPwzx4A6ffXgRQ=="
    },
    "node_modules/json-stream-stringify": {
      "version": "3.1.6",
      "resolved": "https://registry.npmjs.org/json-stream-stringify/-/json-stream-stringify-3.1.6.tgz",
      "integrity": "sha512-x7fpwxOkbhFCaJDJ8vb1fBY3DdSa4AlITaz+HHILQJzdPMnHEFjxPwVUi1ALIbcIxDE0PNe/0i7frnY8QnBQog==",
      "engines": {
        "node": ">=7.10.1"
      }
    }
  },
  "dependencies": {
    "csv-stringify": {
      "version": "6.5.1",
      "resolved": "https://registry.npmjs.org/csv-stringify/-/csv-stringify-6.5.1.tgz",
      "integrity": "sha512-+9lpZfwpLntpTIEpFbwQyWuW/hmI/eHuJZD1XzeZpfZTqkf1fyvBbBLXTJJMsBuuS11uTShMqPwzx4A6ffXgRQ=="
    },
    "json-stream-stringify": {
      "version": "3.1.6",
      "resolved": "https://registry.npmjs.org/json-stream-stringify/-/json-stream-stringify-3.1.6.tgz",
      "integrity": "sha512-x7fpwxOkbhFCaJDJ8vb1fBY3DdSa4AlITaz+HHILQJzdPMnHEFjxPwVUi1ALIbcIxDE0PNe/0i7frnY8QnBQog=="
    }
  }
}
